
Microsoft Visual Studio Solution File, Format Version 12.00
# Visual Studio 15
VisualStudioVersion = 15.0.27130.2020
MinimumVisualStudioVersion = 10.0.40219.1
Project("{FAE04EC0-301F-11D3-BF4B-00C04F79EFBC}") = "StudentSystem.Models", "StudentSystem.Models\StudentSystem.Models.csproj", "{244700AF-8381-44EA-A39C-BD7A006B1541}"
EndProject
Project("{FAE04EC0-301F-11D3-BF4B-00C04F79EFBC}") = "StudentSystem.Data", "StudentSystem.Data\StudentSystem.Data.csproj", "{F1F929BC-920F-4CC4-8647-8C873E691E80}"
EndProject
Project("{FAE04EC0-301F-11D3-BF4B-00C04F79EFBC}") = "StudentSystem.Web", "StudentSystem.Web\StudentSystem.Web.csproj", "{38D49CFC-9D6E-4714-8848-634219252A53}"
EndProject
Global
	GlobalSection(SolutionConfigurationPlatforms) = preSolution
		Debug|Any CPU = Debug|Any CPU
		Release|Any CPU = Release|Any CPU
	EndGlobalSection
	GlobalSection(ProjectConfigurationPlatforms) = postSolution
		{244700AF-8381-44EA-A39C-BD7A006B1541}.Debug|Any CPU.ActiveCfg = Debug|Any CPU
		{244700AF-8381-44EA-A39C-BD7A006B1541}.Debug|Any CPU.Build.0 = Debug|Any CPU
		{244700AF-8381-44EA-A39C-BD7A006B1541}.Release|Any CPU.ActiveCfg = Release|Any CPU
		{244700AF-8381-44EA-A39C-BD7A006B1541}.Release|Any CPU.Build.0 = Release|Any CPU
		{F1F929BC-920F-4CC4-8647-8C873E691E80}.Debug|Any CPU.ActiveCfg = Debug|Any CPU
		{F1F929BC-920F-4CC4-8647-8C873E691E80}.Debug|Any CPU.Build.0 = Debug|Any CPU
		{F1F929BC-920F-4CC4-8647-8C873E691E80}.Release|Any CPU.ActiveCfg = Release|Any CPU
		{F1F929BC-920F-4CC4-8647-8C873E691E80}.Release|Any CPU.Build.0 = Release|Any CPU
		{38D49CFC-9D6E-4714-8848-634219252A53}.Debug|Any CPU.ActiveCfg = Debug|Any CPU
		{38D49CFC-9D6E-4714-8848-634219252A53}.Debug|Any CPU.Build.0 = Debug|Any CPU
		{38D49CFC-9D6E-4714-8848-634219252A53}.Release|Any CPU.ActiveCfg = Release|Any CPU
		{38D49CFC-9D6E-4714-8848-634219252A53}.Release|Any CPU.Build.0 = Release|Any CPU
	EndGlobalSection
	GlobalSection(SolutionProperties) = preSolution
		HideSolutionNode = FALSE
	EndGlobalSection
	GlobalSection(ExtensibilityGlobals) = postSolution
		SolutionGuid = {662C4DCD-E4A5-4684-B79C-217BB461E5FC}
	EndGlobalSection
EndGlobal
